
Microsoft Visual Studio Solution File, Format Version 12.00
# Visual Studio 2013
VisualStudioVersion = 12.0.30501.0
MinimumVisualStudioVersion = 10.0.40219.1
Project("{FAE04EC0-301F-11D3-BF4B-00C04F79EFBC}") = "Recon", "Recon\Recon.csproj", "{2673207B-422A-48CE-8D0B-511D386D499C}"
EndProject
Project("{FAE04EC0-301F-11D3-BF4B-00C04F79EFBC}") = "Recon_Model", "Recon_Model\Recon_Model.csproj", "{56C2471E-833B-49BD-A3DB-1D60512DD5C4}"
EndProject
Global
	GlobalSection(SolutionConfigurationPlatforms) = preSolution
		Debug|Any CPU = Debug|Any CPU
		Debug|x86 = Debug|x86
		Release|Any CPU = Release|Any CPU
		Release|x86 = Release|x86
	EndGlobalSection
	GlobalSection(ProjectConfigurationPlatforms) = postSolution
		{2673207B-422A-48CE-8D0B-511D386D499C}.Debug|Any CPU.ActiveCfg = Debug|Any CPU
		{2673207B-422A-48CE-8D0B-511D386D499C}.Debug|Any CPU.Build.0 = Debug|Any CPU
		{2673207B-422A-48CE-8D0B-511D386D499C}.Debug|x86.ActiveCfg = Debug|x86
		{2673207B-422A-48CE-8D0B-511D386D499C}.Debug|x86.Build.0 = Debug|x86
		{2673207B-422A-48CE-8D0B-511D386D499C}.Release|Any CPU.ActiveCfg = Release|Any CPU
		{2673207B-422A-48CE-8D0B-511D386D499C}.Release|Any CPU.Build.0 = Release|Any CPU
		{2673207B-422A-48CE-8D0B-511D386D499C}.Release|x86.ActiveCfg = Release|x86
		{2673207B-422A-48CE-8D0B-511D386D499C}.Release|x86.Build.0 = Release|x86
		{56C2471E-833B-49BD-A3DB-1D60512DD5C4}.Debug|Any CPU.ActiveCfg = Debug|Any CPU
		{56C2471E-833B-49BD-A3DB-1D60512DD5C4}.Debug|Any CPU.Build.0 = Debug|Any CPU
		{56C2471E-833B-49BD-A3DB-1D60512DD5C4}.Debug|x86.ActiveCfg = Debug|x86
		{56C2471E-833B-49BD-A3DB-1D60512DD5C4}.Debug|x86.Build.0 = Debug|x86
		{56C2471E-833B-49BD-A3DB-1D60512DD5C4}.Release|Any CPU.ActiveCfg = Release|Any CPU
		{56C2471E-833B-49BD-A3DB-1D60512DD5C4}.Release|Any CPU.Build.0 = Release|Any CPU
		{56C2471E-833B-49BD-A3DB-1D60512DD5C4}.Release|x86.ActiveCfg = Release|x86
		{56C2471E-833B-49BD-A3DB-1D60512DD5C4}.Release|x86.Build.0 = Release|x86
	EndGlobalSection
	GlobalSection(SolutionProperties) = preSolution
		HideSolutionNode = FALSE
	EndGlobalSection
EndGlobal
